
Microsoft Visual Studio Solution File, Format Version 12.00
# Visual Studio Version 17
VisualStudioVersion = 17.0.32126.317
MinimumVisualStudioVersion = 10.0.40219.1
Project("{FAE04EC0-301F-11D3-BF4B-00C04F79EFBC}") = "webshopAPI", "webshopAPI\webshopAPI.csproj", "{9B304B64-A845-4EBE-B25A-8EFF66383837}"
EndProject
Project("{FAE04EC0-301F-11D3-BF4B-00C04F79EFBC}") = "webshopAPI.domain", "webshopAPI.domain\webshopAPI.domain.csproj", "{05055DC8-49B3-4604-BE90-4760C98DF397}"
EndProject
Global
	GlobalSection(SolutionConfigurationPlatforms) = preSolution
		Debug|Any CPU = Debug|Any CPU
		Release|Any CPU = Release|Any CPU
	EndGlobalSection
	GlobalSection(ProjectConfigurationPlatforms) = postSolution
		{9B304B64-A845-4EBE-B25A-8EFF66383837}.Debug|Any CPU.ActiveCfg = Debug|Any CPU
		{9B304B64-A845-4EBE-B25A-8EFF66383837}.Debug|Any CPU.Build.0 = Debug|Any CPU
		{9B304B64-A845-4EBE-B25A-8EFF66383837}.Release|Any CPU.ActiveCfg = Release|Any CPU
		{9B304B64-A845-4EBE-B25A-8EFF66383837}.Release|Any CPU.Build.0 = Release|Any CPU
		{05055DC8-49B3-4604-BE90-4760C98DF397}.Debug|Any CPU.ActiveCfg = Debug|Any CPU
		{05055DC8-49B3-4604-BE90-4760C98DF397}.Debug|Any CPU.Build.0 = Debug|Any CPU
		{05055DC8-49B3-4604-BE90-4760C98DF397}.Release|Any CPU.ActiveCfg = Release|Any CPU
		{05055DC8-49B3-4604-BE90-4760C98DF397}.Release|Any CPU.Build.0 = Release|Any CPU
	EndGlobalSection
	GlobalSection(SolutionProperties) = preSolution
		HideSolutionNode = FALSE
	EndGlobalSection
	GlobalSection(ExtensibilityGlobals) = postSolution
		SolutionGuid = {6FB50DBB-CCBD-4561-93D1-7E2B5BCAA29F}
	EndGlobalSection
EndGlobal
